// !$*UTF8*$!
{
	archiveVersion = 1;
	classes = {
	};
	objectVersion = 56;
	objects = {

/* Begin PBXBuildFile section */
		4D00CDB92906A4FC00142F83 /* sportSelectionArray.swift in Sources */ = {isa = PBXBuildFile; fileRef = 4D00CDB82906A4FC00142F83 /* sportSelectionArray.swift */; };
		4D00CDBC2906A50600142F83 /* CircularGraphFunctions.swift in Sources */ = {isa = PBXBuildFile; fileRef = 4D00CDBB2906A50600142F83 /* CircularGraphFunctions.swift */; };
		4D00CDC12906A50F00142F83 /* GoalCard.swift in Sources */ = {isa = PBXBuildFile; fileRef = 4D00CDBE2906A50F00142F83 /* GoalCard.swift */; };
		4D00CDC22906A50F00142F83 /* Sports.swift in Sources */ = {isa = PBXBuildFile; fileRef = 4D00CDBF2906A50F00142F83 /* Sports.swift */; };
		4D00CDC32906A50F00142F83 /* GoalCardResults.swift in Sources */ = {isa = PBXBuildFile; fileRef = 4D00CDC02906A50F00142F83 /* GoalCardResults.swift */; };
		4D00CDCD2906A51500142F83 /* DetailView.swift in Sources */ = {isa = PBXBuildFile; fileRef = 4D00CDC52906A51500142F83 /* DetailView.swift */; };
		4D00CDCE2906A51500142F83 /* CircularGraph.swift in Sources */ = {isa = PBXBuildFile; fileRef = 4D00CDC62906A51500142F83 /* CircularGraph.swift */; };
		4D00CDCF2906A51500142F83 /* Preferences.swift in Sources */ = {isa = PBXBuildFile; fileRef = 4D00CDC72906A51500142F83 /* Preferences.swift */; };
		4D00CDD02906A51500142F83 /* Goals.swift in Sources */ = {isa = PBXBuildFile; fileRef = 4D00CDC82906A51500142F83 /* Goals.swift */; };
		4D00CDD12906A51500142F83 /* Results.swift in Sources */ = {isa = PBXBuildFile; fileRef = 4D00CDC92906A51500142F83 /* Results.swift */; };
		4D00CDD22906A51500142F83 /* ActivitySelection.swift in Sources */ = {isa = PBXBuildFile; fileRef = 4D00CDCA2906A51500142F83 /* ActivitySelection.swift */; };
		4D00CDD32906A51500142F83 /* NewGoal.swift in Sources */ = {isa = PBXBuildFile; fileRef = 4D00CDCB2906A51500142F83 /* NewGoal.swift */; };
		4D00CDD42906A51500142F83 /* Today.swift in Sources */ = {isa = PBXBuildFile; fileRef = 4D00CDCC2906A51500142F83 /* Today.swift */; };
		4DCFA3932906D0280076CC93 /* HalfModalTodayView.swift in Sources */ = {isa = PBXBuildFile; fileRef = 4DCFA3922906D0280076CC93 /* HalfModalTodayView.swift */; };
		4DCFA3952906E1460076CC93 /* LinearGraph.swift in Sources */ = {isa = PBXBuildFile; fileRef = 4DCFA3942906E1460076CC93 /* LinearGraph.swift */; };
		4DCFA3972906E4C30076CC93 /* LinearGraphFunctions.swift in Sources */ = {isa = PBXBuildFile; fileRef = 4DCFA3962906E4C30076CC93 /* LinearGraphFunctions.swift */; };
		4DCFA3B3290702280076CC93 /* MulticomponentPicker.swift in Sources */ = {isa = PBXBuildFile; fileRef = 4DCFA3B2290702280076CC93 /* MulticomponentPicker.swift */; };
		4DCFA3B629071F2B0076CC93 /* UIApplication.swift in Sources */ = {isa = PBXBuildFile; fileRef = 4DCFA3B529071F2B0076CC93 /* UIApplication.swift */; };
		BCF601562906A38F005800BF /* NegroniChallengeApp.swift in Sources */ = {isa = PBXBuildFile; fileRef = BCF601552906A38F005800BF /* NegroniChallengeApp.swift */; };
		BCF601582906A38F005800BF /* ContentView.swift in Sources */ = {isa = PBXBuildFile; fileRef = BCF601572906A38F005800BF /* ContentView.swift */; };
		BCF6015A2906A38F005800BF /* Assets.xcassets in Resources */ = {isa = PBXBuildFile; fileRef = BCF601592906A38F005800BF /* Assets.xcassets */; };
		BCF6015D2906A38F005800BF /* Preview Assets.xcassets in Resources */ = {isa = PBXBuildFile; fileRef = BCF6015C2906A38F005800BF /* Preview Assets.xcassets */; };
/* End PBXBuildFile section */

/* Begin PBXFileReference section */
		4D00CDB82906A4FC00142F83 /* sportSelectionArray.swift */ = {isa = PBXFileReference; fileEncoding = 4; lastKnownFileType = sourcecode.swift; path = sportSelectionArray.swift; sourceTree = "<group>"; };
		4D00CDBB2906A50600142F83 /* CircularGraphFunctions.swift */ = {isa = PBXFileReference; fileEncoding = 4; lastKnownFileType = sourcecode.swift; path = CircularGraphFunctions.swift; sourceTree = "<group>"; };
		4D00CDBE2906A50F00142F83 /* GoalCard.swift */ = {isa = PBXFileReference; fileEncoding = 4; lastKnownFileType = sourcecode.swift; path = GoalCard.swift; sourceTree = "<group>"; };
		4D00CDBF2906A50F00142F83 /* Sports.swift */ = {isa = PBXFileReference; fileEncoding = 4; lastKnownFileType = sourcecode.swift; path = Sports.swift; sourceTree = "<group>"; };
		4D00CDC02906A50F00142F83 /* GoalCardResults.swift */ = {isa = PBXFileReference; fileEncoding = 4; lastKnownFileType = sourcecode.swift; path = GoalCardResults.swift; sourceTree = "<group>"; };
		4D00CDC52906A51500142F83 /* DetailView.swift */ = {isa = PBXFileReference; fileEncoding = 4; lastKnownFileType = sourcecode.swift; path = DetailView.swift; sourceTree = "<group>"; };
		4D00CDC62906A51500142F83 /* CircularGraph.swift */ = {isa = PBXFileReference; fileEncoding = 4; lastKnownFileType = sourcecode.swift; path = CircularGraph.swift; sourceTree = "<group>"; };
		4D00CDC72906A51500142F83 /* Preferences.swift */ = {isa = PBXFileReference; fileEncoding = 4; lastKnownFileType = sourcecode.swift; path = Preferences.swift; sourceTree = "<group>"; };
		4D00CDC82906A51500142F83 /* Goals.swift */ = {isa = PBXFileReference; fileEncoding = 4; lastKnownFileType = sourcecode.swift; path = Goals.swift; sourceTree = "<group>"; };
		4D00CDC92906A51500142F83 /* Results.swift */ = {isa = PBXFileReference; fileEncoding = 4; lastKnownFileType = sourcecode.swift; path = Results.swift; sourceTree = "<group>"; };
		4D00CDCA2906A51500142F83 /* ActivitySelection.swift */ = {isa = PBXFileReference; fileEncoding = 4; lastKnownFileType = sourcecode.swift; path = ActivitySelection.swift; sourceTree = "<group>"; };
		4D00CDCB2906A51500142F83 /* NewGoal.swift */ = {isa = PBXFileReference; fileEncoding = 4; lastKnownFileType = sourcecode.swift; path = NewGoal.swift; sourceTree = "<group>"; };
		4D00CDCC2906A51500142F83 /* Today.swift */ = {isa = PBXFileReference; fileEncoding = 4; lastKnownFileType = sourcecode.swift; path = Today.swift; sourceTree = "<group>"; };
		4DCFA3922906D0280076CC93 /* HalfModalTodayView.swift */ = {isa = PBXFileReference; lastKnownFileType = sourcecode.swift; path = HalfModalTodayView.swift; sourceTree = "<group>"; };
		4DCFA3942906E1460076CC93 /* LinearGraph.swift */ = {isa = PBXFileReference; lastKnownFileType = sourcecode.swift; path = LinearGraph.swift; sourceTree = "<group>"; };
		4DCFA3962906E4C30076CC93 /* LinearGraphFunctions.swift */ = {isa = PBXFileReference; lastKnownFileType = sourcecode.swift; path = LinearGraphFunctions.swift; sourceTree = "<group>"; };
		4DCFA3B2290702280076CC93 /* MulticomponentPicker.swift */ = {isa = PBXFileReference; lastKnownFileType = sourcecode.swift; path = MulticomponentPicker.swift; sourceTree = "<group>"; };
		4DCFA3B529071F2B0076CC93 /* UIApplication.swift */ = {isa = PBXFileReference; lastKnownFileType = sourcecode.swift; path = UIApplication.swift; sourceTree = "<group>"; };
		BCF601522906A38F005800BF /* NegroniChallenge.app */ = {isa = PBXFileReference; explicitFileType = wrapper.application; includeInIndex = 0; path = NegroniChallenge.app; sourceTree = BUILT_PRODUCTS_DIR; };
		BCF601552906A38F005800BF /* NegroniChallengeApp.swift */ = {isa = PBXFileReference; lastKnownFileType = sourcecode.swift; path = NegroniChallengeApp.swift; sourceTree = "<group>"; };
		BCF601572906A38F005800BF /* ContentView.swift */ = {isa = PBXFileReference; lastKnownFileType = sourcecode.swift; path = ContentView.swift; sourceTree = "<group>"; };
		BCF601592906A38F005800BF /* Assets.xcassets */ = {isa = PBXFileReference; lastKnownFileType = folder.assetcatalog; path = Assets.xcassets; sourceTree = "<group>"; };
		BCF6015C2906A38F005800BF /* Preview Assets.xcassets */ = {isa = PBXFileReference; lastKnownFileType = folder.assetcatalog; path = "Preview Assets.xcassets"; sourceTree = "<group>"; };
/* End PBXFileReference section */

/* Begin PBXFrameworksBuildPhase section */
		BCF6014F2906A38F005800BF /* Frameworks */ = {
			isa = PBXFrameworksBuildPhase;
			buildActionMask = 2147483647;
			files = (
			);
			runOnlyForDeploymentPostprocessing = 0;
		};
/* End PBXFrameworksBuildPhase section */

/* Begin PBXGroup section */
		4D00CDB72906A4FC00142F83 /* Collections */ = {
			isa = PBXGroup;
			children = (
				4D00CDB82906A4FC00142F83 /* sportSelectionArray.swift */,
			);
			path = Collections;
			sourceTree = "<group>";
		};
		4D00CDBA2906A50600142F83 /* Function */ = {
			isa = PBXGroup;
			children = (
				4D00CDBB2906A50600142F83 /* CircularGraphFunctions.swift */,
				4DCFA3962906E4C30076CC93 /* LinearGraphFunctions.swift */,
			);
			path = Function;
			sourceTree = "<group>";
		};
		4D00CDBD2906A50F00142F83 /* Structs */ = {
			isa = PBXGroup;
			children = (
				4D00CDBE2906A50F00142F83 /* GoalCard.swift */,
				4D00CDBF2906A50F00142F83 /* Sports.swift */,
				4D00CDC02906A50F00142F83 /* GoalCardResults.swift */,
			);
			path = Structs;
			sourceTree = "<group>";
		};
		4D00CDC42906A51500142F83 /* Views */ = {
			isa = PBXGroup;
			children = (
				4DCFA3B7290720C30076CC93 /* MainViews */,
			);
			path = Views;
			sourceTree = "<group>";
		};
		4DCFA3B429071F160076CC93 /* Extensions */ = {
			isa = PBXGroup;
			children = (
				4DCFA3B529071F2B0076CC93 /* UIApplication.swift */,
			);
			path = Extensions;
			sourceTree = "<group>";
		};
		4DCFA3B7290720C30076CC93 /* MainViews */ = {
			isa = PBXGroup;
			children = (
				4D00CDCC2906A51500142F83 /* Today.swift */,
				4D00CDC82906A51500142F83 /* Goals.swift */,
				4D00CDC92906A51500142F83 /* Results.swift */,
				4DCFA3B8290720E80076CC93 /* Today Dependent */,
				4DCFA3BB290721350076CC93 /* Goals Dependent */,
				4DCFA3B9290721120076CC93 /* Result Dependent */,
				4DCFA3BC290721780076CC93 /* Extension Views */,
			);
			path = MainViews;
			sourceTree = "<group>";
		};
		4DCFA3B8290720E80076CC93 /* Today Dependent */ = {
			isa = PBXGroup;
			children = (
				4DCFA3B2290702280076CC93 /* MulticomponentPicker.swift */,
				4D00CDC72906A51500142F83 /* Preferences.swift */,
				4DCFA3922906D0280076CC93 /* HalfModalTodayView.swift */,
			);
			path = "Today Dependent";
			sourceTree = "<group>";
		};
		4DCFA3B9290721120076CC93 /* Result Dependent */ = {
			isa = PBXGroup;
			children = (
			);
			path = "Result Dependent";
			sourceTree = "<group>";
		};
		4DCFA3BB290721350076CC93 /* Goals Dependent */ = {
			isa = PBXGroup;
			children = (
				4D00CDCB2906A51500142F83 /* NewGoal.swift */,
				4D00CDC52906A51500142F83 /* DetailView.swift */,
				4D00CDCA2906A51500142F83 /* ActivitySelection.swift */,
			);
			path = "Goals Dependent";
			sourceTree = "<group>";
		};
		4DCFA3BC290721780076CC93 /* Extension Views */ = {
			isa = PBXGroup;
			children = (
				4DCFA3942906E1460076CC93 /* LinearGraph.swift */,
				4D00CDC62906A51500142F83 /* CircularGraph.swift */,
			);
			path = "Extension Views";
			sourceTree = "<group>";
		};
		BCF601492906A38F005800BF = {
			isa = PBXGroup;
			children = (
				BCF601542906A38F005800BF /* NegroniChallenge */,
				BCF601532906A38F005800BF /* Products */,
			);
			sourceTree = "<group>";
		};
		BCF601532906A38F005800BF /* Products */ = {
			isa = PBXGroup;
			children = (
				BCF601522906A38F005800BF /* NegroniChallenge.app */,
			);
			name = Products;
			sourceTree = "<group>";
		};
		BCF601542906A38F005800BF /* NegroniChallenge */ = {
			isa = PBXGroup;
			children = (
				4DCFA3B429071F160076CC93 /* Extensions */,
				4D00CDC42906A51500142F83 /* Views */,
				4D00CDBD2906A50F00142F83 /* Structs */,
				4D00CDBA2906A50600142F83 /* Function */,
				4D00CDB72906A4FC00142F83 /* Collections */,
				BCF601552906A38F005800BF /* NegroniChallengeApp.swift */,
				BCF601572906A38F005800BF /* ContentView.swift */,
				BCF601592906A38F005800BF /* Assets.xcassets */,
				BCF6015B2906A38F005800BF /* Preview Content */,
			);
			path = NegroniChallenge;
			sourceTree = "<group>";
		};
		BCF6015B2906A38F005800BF /* Preview Content */ = {
			isa = PBXGroup;
			children = (
				BCF6015C2906A38F005800BF /* Preview Assets.xcassets */,
			);
			path = "Preview Content";
			sourceTree = "<group>";
		};
/* End PBXGroup section */

/* Begin PBXNativeTarget section */
		BCF601512906A38F005800BF /* NegroniChallenge */ = {
			isa = PBXNativeTarget;
			buildConfigurationList = BCF601602906A38F005800BF /* Build configuration list for PBXNativeTarget "NegroniChallenge" */;
			buildPhases = (
				BCF6014E2906A38F005800BF /* Sources */,
				BCF6014F2906A38F005800BF /* Frameworks */,
				BCF601502906A38F005800BF /* Resources */,
			);
			buildRules = (
			);
			dependencies = (
			);
			name = NegroniChallenge;
			productName = NegroniChallenge;
			productReference = BCF601522906A38F005800BF /* NegroniChallenge.app */;
			productType = "com.apple.product-type.application";
		};
/* End PBXNativeTarget section */

/* Begin PBXProject section */
		BCF6014A2906A38F005800BF /* Project object */ = {
			isa = PBXProject;
			attributes = {
				BuildIndependentTargetsInParallel = 1;
				LastSwiftUpdateCheck = 1400;
				LastUpgradeCheck = 1400;
				TargetAttributes = {
					BCF601512906A38F005800BF = {
						CreatedOnToolsVersion = 14.0.1;
					};
				};
			};
			buildConfigurationList = BCF6014D2906A38F005800BF /* Build configuration list for PBXProject "NegroniChallenge" */;
			compatibilityVersion = "Xcode 14.0";
			developmentRegion = en;
			hasScannedForEncodings = 0;
			knownRegions = (
				en,
				Base,
			);
			mainGroup = BCF601492906A38F005800BF;
			productRefGroup = BCF601532906A38F005800BF /* Products */;
			projectDirPath = "";
			projectRoot = "";
			targets = (
				BCF601512906A38F005800BF /* NegroniChallenge */,
			);
		};
/* End PBXProject section */

/* Begin PBXResourcesBuildPhase section */
		BCF601502906A38F005800BF /* Resources */ = {
			isa = PBXResourcesBuildPhase;
			buildActionMask = 2147483647;
			files = (
				BCF6015D2906A38F005800BF /* Preview Assets.xcassets in Resources */,
				BCF6015A2906A38F005800BF /* Assets.xcassets in Resources */,
			);
			runOnlyForDeploymentPostprocessing = 0;
		};
/* End PBXResourcesBuildPhase section */

/* Begin PBXSourcesBuildPhase section */
		BCF6014E2906A38F005800BF /* Sources */ = {
			isa = PBXSourcesBuildPhase;
			buildActionMask = 2147483647;
			files = (
				4D00CDB92906A4FC00142F83 /* sportSelectionArray.swift in Sources */,
				4D00CDD42906A51500142F83 /* Today.swift in Sources */,
				4DCFA3972906E4C30076CC93 /* LinearGraphFunctions.swift in Sources */,
				4D00CDCD2906A51500142F83 /* DetailView.swift in Sources */,
				4D00CDCF2906A51500142F83 /* Preferences.swift in Sources */,
				4D00CDD32906A51500142F83 /* NewGoal.swift in Sources */,
				BCF601582906A38F005800BF /* ContentView.swift in Sources */,
				4DCFA3B3290702280076CC93 /* MulticomponentPicker.swift in Sources */,
				4DCFA3B629071F2B0076CC93 /* UIApplication.swift in Sources */,
				4DCFA3952906E1460076CC93 /* LinearGraph.swift in Sources */,
				BCF601562906A38F005800BF /* NegroniChallengeApp.swift in Sources */,
				4DCFA3932906D0280076CC93 /* HalfModalTodayView.swift in Sources */,
				4D00CDC12906A50F00142F83 /* GoalCard.swift in Sources */,
				4D00CDD12906A51500142F83 /* Results.swift in Sources */,
				4D00CDD22906A51500142F83 /* ActivitySelection.swift in Sources */,
				4D00CDC22906A50F00142F83 /* Sports.swift in Sources */,
				4D00CDC32906A50F00142F83 /* GoalCardResults.swift in Sources */,
				4D00CDBC2906A50600142F83 /* CircularGraphFunctions.swift in Sources */,
				4D00CDCE2906A51500142F83 /* CircularGraph.swift in Sources */,
				4D00CDD02906A51500142F83 /* Goals.swift in Sources */,
			);
			runOnlyForDeploymentPostprocessing = 0;
		};
/* End PBXSourcesBuildPhase section */

/* Begin XCBuildConfiguration section */
		BCF6015E2906A38F005800BF /* Debug */ = {
			isa = XCBuildConfiguration;
			buildSettings = {
				ALWAYS_SEARCH_USER_PATHS = NO;
				CLANG_ANALYZER_NONNULL = YES;
				CLANG_ANALYZER_NUMBER_OBJECT_CONVERSION = YES_AGGRESSIVE;
				CLANG_CXX_LANGUAGE_STANDARD = "gnu++20";
				CLANG_ENABLE_MODULES = YES;
				CLANG_ENABLE_OBJC_ARC = YES;
				CLANG_ENABLE_OBJC_WEAK = YES;
				CLANG_WARN_BLOCK_CAPTURE_AUTORELEASING = YES;
				CLANG_WARN_BOOL_CONVERSION = YES;
				CLANG_WARN_COMMA = YES;
				CLANG_WARN_CONSTANT_CONVERSION = YES;
				CLANG_WARN_DEPRECATED_OBJC_IMPLEMENTATIONS = YES;
				CLANG_WARN_DIRECT_OBJC_ISA_USAGE = YES_ERROR;
				CLANG_WARN_DOCUMENTATION_COMMENTS = YES;
				CLANG_WARN_EMPTY_BODY = YES;
				CLANG_WARN_ENUM_CONVERSION = YES;
				CLANG_WARN_INFINITE_RECURSION = YES;
				CLANG_WARN_INT_CONVERSION = YES;
				CLANG_WARN_NON_LITERAL_NULL_CONVERSION = YES;
				CLANG_WARN_OBJC_IMPLICIT_RETAIN_SELF = YES;
				CLANG_WARN_OBJC_LITERAL_CONVERSION = YES;
				CLANG_WARN_OBJC_ROOT_CLASS = YES_ERROR;
				CLANG_WARN_QUOTED_INCLUDE_IN_FRAMEWORK_HEADER = YES;
				CLANG_WARN_RANGE_LOOP_ANALYSIS = YES;
				CLANG_WARN_STRICT_PROTOTYPES = YES;
				CLANG_WARN_SUSPICIOUS_MOVE = YES;
				CLANG_WARN_UNGUARDED_AVAILABILITY = YES_AGGRESSIVE;
				CLANG_WARN_UNREACHABLE_CODE = YES;
				CLANG_WARN__DUPLICATE_METHOD_MATCH = YES;
				COPY_PHASE_STRIP = NO;
				DEBUG_INFORMATION_FORMAT = dwarf;
				ENABLE_STRICT_OBJC_MSGSEND = YES;
				ENABLE_TESTABILITY = YES;
				GCC_C_LANGUAGE_STANDARD = gnu11;
				GCC_DYNAMIC_NO_PIC = NO;
				GCC_NO_COMMON_BLOCKS = YES;
				GCC_OPTIMIZATION_LEVEL = 0;
				GCC_PREPROCESSOR_DEFINITIONS = (
					"DEBUG=1",
					"$(inherited)",
				);
				GCC_WARN_64_TO_32_BIT_CONVERSION = YES;
				GCC_WARN_ABOUT_RETURN_TYPE = YES_ERROR;
				GCC_WARN_UNDECLARED_SELECTOR = YES;
				GCC_WARN_UNINITIALIZED_AUTOS = YES_AGGRESSIVE;
				GCC_WARN_UNUSED_FUNCTION = YES;
				GCC_WARN_UNUSED_VARIABLE = YES;
				IPHONEOS_DEPLOYMENT_TARGET = 16.0;
				MTL_ENABLE_DEBUG_INFO = INCLUDE_SOURCE;
				MTL_FAST_MATH = YES;
				ONLY_ACTIVE_ARCH = YES;
				SDKROOT = iphoneos;
				SWIFT_ACTIVE_COMPILATION_CONDITIONS = DEBUG;
				SWIFT_OPTIMIZATION_LEVEL = "-Onone";
			};
			name = Debug;
		};
		BCF6015F2906A38F005800BF /* Release */ = {
			isa = XCBuildConfiguration;
			buildSettings = {
				ALWAYS_SEARCH_USER_PATHS = NO;
				CLANG_ANALYZER_NONNULL = YES;
				CLANG_ANALYZER_NUMBER_OBJECT_CONVERSION = YES_AGGRESSIVE;
				CLANG_CXX_LANGUAGE_STANDARD = "gnu++20";
				CLANG_ENABLE_MODULES = YES;
				CLANG_ENABLE_OBJC_ARC = YES;
				CLANG_ENABLE_OBJC_WEAK = YES;
				CLANG_WARN_BLOCK_CAPTURE_AUTORELEASING = YES;
				CLANG_WARN_BOOL_CONVERSION = YES;
				CLANG_WARN_COMMA = YES;
				CLANG_WARN_CONSTANT_CONVERSION = YES;
				CLANG_WARN_DEPRECATED_OBJC_IMPLEMENTATIONS = YES;
				CLANG_WARN_DIRECT_OBJC_ISA_USAGE = YES_ERROR;
				CLANG_WARN_DOCUMENTATION_COMMENTS = YES;
				CLANG_WARN_EMPTY_BODY = YES;
				CLANG_WARN_ENUM_CONVERSION = YES;
				CLANG_WARN_INFINITE_RECURSION = YES;
				CLANG_WARN_INT_CONVERSION = YES;
				CLANG_WARN_NON_LITERAL_NULL_CONVERSION = YES;
				CLANG_WARN_OBJC_IMPLICIT_RETAIN_SELF = YES;
				CLANG_WARN_OBJC_LITERAL_CONVERSION = YES;
				CLANG_WARN_OBJC_ROOT_CLASS = YES_ERROR;
				CLANG_WARN_QUOTED_INCLUDE_IN_FRAMEWORK_HEADER = YES;
				CLANG_WARN_RANGE_LOOP_ANALYSIS = YES;
				CLANG_WARN_STRICT_PROTOTYPES = YES;
				CLANG_WARN_SUSPICIOUS_MOVE = YES;
				CLANG_WARN_UNGUARDED_AVAILABILITY = YES_AGGRESSIVE;
				CLANG_WARN_UNREACHABLE_CODE = YES;
				CLANG_WARN__DUPLICATE_METHOD_MATCH = YES;
				COPY_PHASE_STRIP = NO;
				DEBUG_INFORMATION_FORMAT = "dwarf-with-dsym";
				ENABLE_NS_ASSERTIONS = NO;
				ENABLE_STRICT_OBJC_MSGSEND = YES;
				GCC_C_LANGUAGE_STANDARD = gnu11;
				GCC_NO_COMMON_BLOCKS = YES;
				GCC_WARN_64_TO_32_BIT_CONVERSION = YES;
				GCC_WARN_ABOUT_RETURN_TYPE = YES_ERROR;
				GCC_WARN_UNDECLARED_SELECTOR = YES;
				GCC_WARN_UNINITIALIZED_AUTOS = YES_AGGRESSIVE;
				GCC_WARN_UNUSED_FUNCTION = YES;
				GCC_WARN_UNUSED_VARIABLE = YES;
				IPHONEOS_DEPLOYMENT_TARGET = 16.0;
				MTL_ENABLE_DEBUG_INFO = NO;
				MTL_FAST_MATH = YES;
				SDKROOT = iphoneos;
				SWIFT_COMPILATION_MODE = wholemodule;
				SWIFT_OPTIMIZATION_LEVEL = "-O";
				VALIDATE_PRODUCT = YES;
			};
			name = Release;
		};
		BCF601612906A38F005800BF /* Debug */ = {
			isa = XCBuildConfiguration;
			buildSettings = {
				ASSETCATALOG_COMPILER_APPICON_NAME = AppIcon;
				ASSETCATALOG_COMPILER_GLOBAL_ACCENT_COLOR_NAME = AccentColor;
				CODE_SIGN_STYLE = Automatic;
				CURRENT_PROJECT_VERSION = 1;
				DEVELOPMENT_ASSET_PATHS = "\"NegroniChallenge/Preview Content\"";
				DEVELOPMENT_TEAM = A653B885WN;
				ENABLE_PREVIEWS = YES;
				GENERATE_INFOPLIST_FILE = YES;
				INFOPLIST_KEY_UIApplicationSceneManifest_Generation = YES;
				INFOPLIST_KEY_UIApplicationSupportsIndirectInputEvents = YES;
				INFOPLIST_KEY_UILaunchScreen_Generation = YES;
				INFOPLIST_KEY_UISupportedInterfaceOrientations_iPad = "UIInterfaceOrientationPortrait UIInterfaceOrientationPortraitUpsideDown UIInterfaceOrientationLandscapeLeft UIInterfaceOrientationLandscapeRight";
				INFOPLIST_KEY_UISupportedInterfaceOrientations_iPhone = "UIInterfaceOrientationPortrait UIInterfaceOrientationLandscapeLeft UIInterfaceOrientationLandscapeRight";
				LD_RUNPATH_SEARCH_PATHS = (
					"$(inherited)",
					"@executable_path/Frameworks",
				);
				MARKETING_VERSION = 1.0;
				PRODUCT_BUNDLE_IDENTIFIER = de.bestler.NegroniChallenge;
				PRODUCT_NAME = "$(TARGET_NAME)";
				SWIFT_EMIT_LOC_STRINGS = YES;
				SWIFT_VERSION = 5.0;
				TARGETED_DEVICE_FAMILY = "1,2";
			};
			name = Debug;
		};
		BCF601622906A38F005800BF /* Release */ = {
			isa = XCBuildConfiguration;
			buildSettings = {
				ASSETCATALOG_COMPILER_APPICON_NAME = AppIcon;
				ASSETCATALOG_COMPILER_GLOBAL_ACCENT_COLOR_NAME = AccentColor;
				CODE_SIGN_STYLE = Automatic;
				CURRENT_PROJECT_VERSION = 1;
				DEVELOPMENT_ASSET_PATHS = "\"NegroniChallenge/Preview Content\"";
				DEVELOPMENT_TEAM = A653B885WN;
				ENABLE_PREVIEWS = YES;
				GENERATE_INFOPLIST_FILE = YES;
				INFOPLIST_KEY_UIApplicationSceneManifest_Generation = YES;
				INFOPLIST_KEY_UIApplicationSupportsIndirectInputEvents = YES;
				INFOPLIST_KEY_UILaunchScreen_Generation = YES;
				INFOPLIST_KEY_UISupportedInterfaceOrientations_iPad = "UIInterfaceOrientationPortrait UIInterfaceOrientationPortraitUpsideDown UIInterfaceOrientationLandscapeLeft UIInterfaceOrientationLandscapeRight";
				INFOPLIST_KEY_UISupportedInterfaceOrientations_iPhone = "UIInterfaceOrientationPortrait UIInterfaceOrientationLandscapeLeft UIInterfaceOrientationLandscapeRight";
				LD_RUNPATH_SEARCH_PATHS = (
					"$(inherited)",
					"@executable_path/Frameworks",
				);
				MARKETING_VERSION = 1.0;
				PRODUCT_BUNDLE_IDENTIFIER = de.bestler.NegroniChallenge;
				PRODUCT_NAME = "$(TARGET_NAME)";
				SWIFT_EMIT_LOC_STRINGS = YES;
				SWIFT_VERSION = 5.0;
				TARGETED_DEVICE_FAMILY = "1,2";
			};
			name = Release;
		};
/* End XCBuildConfiguration section */

/* Begin XCConfigurationList section */
		BCF6014D2906A38F005800BF /* Build configuration list for PBXProject "NegroniChallenge" */ = {
			isa = XCConfigurationList;
			buildConfigurations = (
				BCF6015E2906A38F005800BF /* Debug */,
				BCF6015F2906A38F005800BF /* Release */,
			);
			defaultConfigurationIsVisible = 0;
			defaultConfigurationName = Release;
		};
		BCF601602906A38F005800BF /* Build configuration list for PBXNativeTarget "NegroniChallenge" */ = {
			isa = XCConfigurationList;
			buildConfigurations = (
				BCF601612906A38F005800BF /* Debug */,
				BCF601622906A38F005800BF /* Release */,
			);
			defaultConfigurationIsVisible = 0;
			defaultConfigurationName = Release;
		};
/* End XCConfigurationList section */
	};
	rootObject = BCF6014A2906A38F005800BF /* Project object */;
}
